
Microsoft Visual Studio Solution File, Format Version 12.00
# Visual Studio Version 17
VisualStudioVersion = 17.5.002.0
MinimumVisualStudioVersion = 10.0.40219.1
Project("{9A19103F-16F7-4668-BE54-9A1E7A4F7556}") = "CV Generator", "CV Generator.csproj", "{C737F190-6150-4638-8446-7A3FECE289B0}"
EndProject
Global
	GlobalSection(SolutionConfigurationPlatforms) = preSolution
		Debug|Any CPU = Debug|Any CPU
		Release|Any CPU = Release|Any CPU
	EndGlobalSection
	GlobalSection(ProjectConfigurationPlatforms) = postSolution
		{C737F190-6150-4638-8446-7A3FECE289B0}.Debug|Any CPU.ActiveCfg = Debug|Any CPU
		{C737F190-6150-4638-8446-7A3FECE289B0}.Debug|Any CPU.Build.0 = Debug|Any CPU
		{C737F190-6150-4638-8446-7A3FECE289B0}.Release|Any CPU.ActiveCfg = Release|Any CPU
		{C737F190-6150-4638-8446-7A3FECE289B0}.Release|Any CPU.Build.0 = Release|Any CPU
	EndGlobalSection
	GlobalSection(SolutionProperties) = preSolution
		HideSolutionNode = FALSE
	EndGlobalSection
	GlobalSection(ExtensibilityGlobals) = postSolution
		SolutionGuid = {FD292959-3FF2-44ED-A986-64850E43C059}
	EndGlobalSection
EndGlobal
